
Microsoft Visual Studio Solution File, Format Version 12.00
# Visual Studio Version 17
VisualStudioVersion = 17.8.34408.163
MinimumVisualStudioVersion = 10.0.40219.1
Project("{FAE04EC0-301F-11D3-BF4B-00C04F79EFBC}") = "Ex02", "Ex02\Ex02.csproj", "{B82D727D-A01D-41FB-923B-A7AED8B1A170}"
EndProject
Global
	GlobalSection(SolutionConfigurationPlatforms) = preSolution
		Debug|Any CPU = Debug|Any CPU
		Release|Any CPU = Release|Any CPU
	EndGlobalSection
	GlobalSection(ProjectConfigurationPlatforms) = postSolution
		{B82D727D-A01D-41FB-923B-A7AED8B1A170}.Debug|Any CPU.ActiveCfg = Debug|Any CPU
		{B82D727D-A01D-41FB-923B-A7AED8B1A170}.Debug|Any CPU.Build.0 = Debug|Any CPU
		{B82D727D-A01D-41FB-923B-A7AED8B1A170}.Release|Any CPU.ActiveCfg = Release|Any CPU
		{B82D727D-A01D-41FB-923B-A7AED8B1A170}.Release|Any CPU.Build.0 = Release|Any CPU
	EndGlobalSection
	GlobalSection(SolutionProperties) = preSolution
		HideSolutionNode = FALSE
	EndGlobalSection
	GlobalSection(ExtensibilityGlobals) = postSolution
		SolutionGuid = {B131B7D5-3956-4AAB-9C4A-553FA1585642}
	EndGlobalSection
EndGlobal
